
Microsoft Visual Studio Solution File, Format Version 12.00
# Visual Studio 15
VisualStudioVersion = 15.0.27004.2009
MinimumVisualStudioVersion = 10.0.40219.1
Project("{FAE04EC0-301F-11D3-BF4B-00C04F79EFBC}") = "COTS.DAL", "COTS.DAL\COTS.DAL.csproj", "{E008668A-A01D-4C38-B2ED-4DFD79A6E380}"
EndProject
Project("{2150E333-8FDC-42A3-9474-1A3956D46DE8}") = "Tests", "Tests", "{2BD2DE6D-1E51-44BC-87C4-0CFAF3A8BD12}"
EndProject
Project("{FAE04EC0-301F-11D3-BF4B-00C04F79EFBC}") = "COTS.DAL.Tests", "COTS.DAL.Test\COTS.DAL.Tests.csproj", "{B171DDA9-E339-471C-BCB2-0C252D2A401E}"
EndProject
Project("{FAE04EC0-301F-11D3-BF4B-00C04F79EFBC}") = "COTS.BLL", "COTS.BLL\COTS.BLL.csproj", "{F9DA4526-4717-4293-9AE9-B1F0F9632054}"
EndProject
Project("{FAE04EC0-301F-11D3-BF4B-00C04F79EFBC}") = "COTS.WEB.Tests", "COTS.WEB.Tests\COTS.WEB.Tests.csproj", "{22741345-9140-4069-B060-D052C38353F4}"
EndProject
Project("{FAE04EC0-301F-11D3-BF4B-00C04F79EFBC}") = "COTS.WEB", "COTS.WEB\COTS.WEB.csproj", "{FBE3495D-1B18-4AB7-9F5A-0D48FB3A6980}"
EndProject
Global
	GlobalSection(SolutionConfigurationPlatforms) = preSolution
		Debug|Any CPU = Debug|Any CPU
		Release|Any CPU = Release|Any CPU
	EndGlobalSection
	GlobalSection(ProjectConfigurationPlatforms) = postSolution
		{E008668A-A01D-4C38-B2ED-4DFD79A6E380}.Debug|Any CPU.ActiveCfg = Debug|Any CPU
		{E008668A-A01D-4C38-B2ED-4DFD79A6E380}.Debug|Any CPU.Build.0 = Debug|Any CPU
		{E008668A-A01D-4C38-B2ED-4DFD79A6E380}.Release|Any CPU.ActiveCfg = Release|Any CPU
		{E008668A-A01D-4C38-B2ED-4DFD79A6E380}.Release|Any CPU.Build.0 = Release|Any CPU
		{B171DDA9-E339-471C-BCB2-0C252D2A401E}.Debug|Any CPU.ActiveCfg = Debug|Any CPU
		{B171DDA9-E339-471C-BCB2-0C252D2A401E}.Debug|Any CPU.Build.0 = Debug|Any CPU
		{B171DDA9-E339-471C-BCB2-0C252D2A401E}.Release|Any CPU.ActiveCfg = Release|Any CPU
		{B171DDA9-E339-471C-BCB2-0C252D2A401E}.Release|Any CPU.Build.0 = Release|Any CPU
		{F9DA4526-4717-4293-9AE9-B1F0F9632054}.Debug|Any CPU.ActiveCfg = Debug|Any CPU
		{F9DA4526-4717-4293-9AE9-B1F0F9632054}.Debug|Any CPU.Build.0 = Debug|Any CPU
		{F9DA4526-4717-4293-9AE9-B1F0F9632054}.Release|Any CPU.ActiveCfg = Release|Any CPU
		{F9DA4526-4717-4293-9AE9-B1F0F9632054}.Release|Any CPU.Build.0 = Release|Any CPU
		{22741345-9140-4069-B060-D052C38353F4}.Debug|Any CPU.ActiveCfg = Debug|Any CPU
		{22741345-9140-4069-B060-D052C38353F4}.Debug|Any CPU.Build.0 = Debug|Any CPU
		{22741345-9140-4069-B060-D052C38353F4}.Release|Any CPU.ActiveCfg = Release|Any CPU
		{22741345-9140-4069-B060-D052C38353F4}.Release|Any CPU.Build.0 = Release|Any CPU
		{FBE3495D-1B18-4AB7-9F5A-0D48FB3A6980}.Debug|Any CPU.ActiveCfg = Debug|Any CPU
		{FBE3495D-1B18-4AB7-9F5A-0D48FB3A6980}.Debug|Any CPU.Build.0 = Debug|Any CPU
		{FBE3495D-1B18-4AB7-9F5A-0D48FB3A6980}.Release|Any CPU.ActiveCfg = Release|Any CPU
		{FBE3495D-1B18-4AB7-9F5A-0D48FB3A6980}.Release|Any CPU.Build.0 = Release|Any CPU
	EndGlobalSection
	GlobalSection(SolutionProperties) = preSolution
		HideSolutionNode = FALSE
	EndGlobalSection
	GlobalSection(NestedProjects) = preSolution
		{B171DDA9-E339-471C-BCB2-0C252D2A401E} = {2BD2DE6D-1E51-44BC-87C4-0CFAF3A8BD12}
		{22741345-9140-4069-B060-D052C38353F4} = {2BD2DE6D-1E51-44BC-87C4-0CFAF3A8BD12}
	EndGlobalSection
	GlobalSection(ExtensibilityGlobals) = postSolution
		SolutionGuid = {27F99E63-3BEB-485D-AE79-97EB31FE6453}
	EndGlobalSection
EndGlobal
